// !$*UTF8*$!
{
	archiveVersion = 1;
	classes = {
	};
	objectVersion = 46;
	objects = {

/* Begin PBXBuildFile section */
		347D0500172BA749006CFC4F /* UIKit.framework in Frameworks */ = {isa = PBXBuildFile; fileRef = 347D04FF172BA749006CFC4F /* UIKit.framework */; };
		347D0502172BA749006CFC4F /* Foundation.framework in Frameworks */ = {isa = PBXBuildFile; fileRef = 347D0501172BA749006CFC4F /* Foundation.framework */; };
		347D0504172BA749006CFC4F /* CoreGraphics.framework in Frameworks */ = {isa = PBXBuildFile; fileRef = 347D0503172BA749006CFC4F /* CoreGraphics.framework */; };
		347D050A172BA749006CFC4F /* InfoPlist.strings in Resources */ = {isa = PBXBuildFile; fileRef = 347D0508172BA749006CFC4F /* InfoPlist.strings */; };
		347D050C172BA749006CFC4F /* main.m in Sources */ = {isa = PBXBuildFile; fileRef = 347D050B172BA749006CFC4F /* main.m */; };
		347D051C172BA749006CFC4F /* ViewController.xib in Resources */ = {isa = PBXBuildFile; fileRef = 347D051A172BA749006CFC4F /* ViewController.xib */; };
		347D0526172BA7CE006CFC4F /* AppDelegate.m in Sources */ = {isa = PBXBuildFile; fileRef = 347D0523172BA7CE006CFC4F /* AppDelegate.m */; };
		347D0527172BA7CE006CFC4F /* ViewController.m in Sources */ = {isa = PBXBuildFile; fileRef = 347D0525172BA7CE006CFC4F /* ViewController.m */; };
		347D052E172BA7D8006CFC4F /* Celebrity.png in Resources */ = {isa = PBXBuildFile; fileRef = 347D0529172BA7D8006CFC4F /* Celebrity.png */; };
		347D052F172BA7D8006CFC4F /* Default-568h@2x.png in Resources */ = {isa = PBXBuildFile; fileRef = 347D052A172BA7D8006CFC4F /* Default-568h@2x.png */; };
		347D0530172BA7D8006CFC4F /* Default.png in Resources */ = {isa = PBXBuildFile; fileRef = 347D052B172BA7D8006CFC4F /* Default.png */; };
		347D0531172BA7D8006CFC4F /* Default@2x.png in Resources */ = {isa = PBXBuildFile; fileRef = 347D052C172BA7D8006CFC4F /* Default@2x.png */; };
		347D0532172BA7D8006CFC4F /* HairStyle.png in Resources */ = {isa = PBXBuildFile; fileRef = 347D052D172BA7D8006CFC4F /* HairStyle.png */; };
		347D0534172BA8C1006CFC4F /* CoreImage.framework in Frameworks */ = {isa = PBXBuildFile; fileRef = 347D0533172BA8C1006CFC4F /* CoreImage.framework */; };
		347D059C172BF3DA006CFC4F /* ViewController2.m in Sources */ = {isa = PBXBuildFile; fileRef = 347D059A172BF3DA006CFC4F /* ViewController2.m */; };
		347D059D172BF3DA006CFC4F /* ViewController2.xib in Resources */ = {isa = PBXBuildFile; fileRef = 347D059B172BF3DA006CFC4F /* ViewController2.xib */; };
		347D05A0172BFA17006CFC4F /* UIPopover-iPhone.m in Sources */ = {isa = PBXBuildFile; fileRef = 347D059F172BFA16006CFC4F /* UIPopover-iPhone.m */; };
/* End PBXBuildFile section */

/* Begin PBXFileReference section */
		347D04FC172BA749006CFC4F /* ImageMorphing.app */ = {isa = PBXFileReference; explicitFileType = wrapper.application; includeInIndex = 0; path = ImageMorphing.app; sourceTree = BUILT_PRODUCTS_DIR; };
		347D04FF172BA749006CFC4F /* UIKit.framework */ = {isa = PBXFileReference; lastKnownFileType = wrapper.framework; name = UIKit.framework; path = System/Library/Frameworks/UIKit.framework; sourceTree = SDKROOT; };
		347D0501172BA749006CFC4F /* Foundation.framework */ = {isa = PBXFileReference; lastKnownFileType = wrapper.framework; name = Foundation.framework; path = System/Library/Frameworks/Foundation.framework; sourceTree = SDKROOT; };
		347D0503172BA749006CFC4F /* CoreGraphics.framework */ = {isa = PBXFileReference; lastKnownFileType = wrapper.framework; name = CoreGraphics.framework; path = System/Library/Frameworks/CoreGraphics.framework; sourceTree = SDKROOT; };
		347D0507172BA749006CFC4F /* ImageMorphing-Info.plist */ = {isa = PBXFileReference; lastKnownFileType = text.plist.xml; path = "ImageMorphing-Info.plist"; sourceTree = "<group>"; };
		347D0509172BA749006CFC4F /* en */ = {isa = PBXFileReference; lastKnownFileType = text.plist.strings; name = en; path = en.lproj/InfoPlist.strings; sourceTree = "<group>"; };
		347D050B172BA749006CFC4F /* main.m */ = {isa = PBXFileReference; lastKnownFileType = sourcecode.c.objc; path = main.m; sourceTree = "<group>"; };
		347D050D172BA749006CFC4F /* ImageMorphing-Prefix.pch */ = {isa = PBXFileReference; lastKnownFileType = sourcecode.c.h; path = "ImageMorphing-Prefix.pch"; sourceTree = "<group>"; };
		347D051B172BA749006CFC4F /* en */ = {isa = PBXFileReference; lastKnownFileType = file.xib; name = en; path = en.lproj/ViewController.xib; sourceTree = "<group>"; };
		347D0522172BA7CE006CFC4F /* AppDelegate.h */ = {isa = PBXFileReference; fileEncoding = 4; lastKnownFileType = sourcecode.c.h; name = AppDelegate.h; path = Class/AppDelegate.h; sourceTree = "<group>"; };
		347D0523172BA7CE006CFC4F /* AppDelegate.m */ = {isa = PBXFileReference; fileEncoding = 4; lastKnownFileType = sourcecode.c.objc; name = AppDelegate.m; path = Class/AppDelegate.m; sourceTree = "<group>"; };
		347D0524172BA7CE006CFC4F /* ViewController.h */ = {isa = PBXFileReference; fileEncoding = 4; lastKnownFileType = sourcecode.c.h; name = ViewController.h; path = Class/ViewController.h; sourceTree = "<group>"; };
		347D0525172BA7CE006CFC4F /* ViewController.m */ = {isa = PBXFileReference; fileEncoding = 4; lastKnownFileType = sourcecode.c.objc; name = ViewController.m; path = Class/ViewController.m; sourceTree = "<group>"; };
		347D0529172BA7D8006CFC4F /* Celebrity.png */ = {isa = PBXFileReference; lastKnownFileType = image.png; path = Celebrity.png; sourceTree = "<group>"; };
		347D052A172BA7D8006CFC4F /* Default-568h@2x.png */ = {isa = PBXFileReference; lastKnownFileType = image.png; path = "Default-568h@2x.png"; sourceTree = "<group>"; };
		347D052B172BA7D8006CFC4F /* Default.png */ = {isa = PBXFileReference; lastKnownFileType = image.png; path = Default.png; sourceTree = "<group>"; };
		347D052C172BA7D8006CFC4F /* Default@2x.png */ = {isa = PBXFileReference; lastKnownFileType = image.png; path = "Default@2x.png"; sourceTree = "<group>"; };
		347D052D172BA7D8006CFC4F /* HairStyle.png */ = {isa = PBXFileReference; lastKnownFileType = image.png; path = HairStyle.png; sourceTree = "<group>"; };
		347D0533172BA8C1006CFC4F /* CoreImage.framework */ = {isa = PBXFileReference; lastKnownFileType = wrapper.framework; name = CoreImage.framework; path = System/Library/Frameworks/CoreImage.framework; sourceTree = SDKROOT; };
		347D0599172BF3DA006CFC4F /* ViewController2.h */ = {isa = PBXFileReference; fileEncoding = 4; lastKnownFileType = sourcecode.c.h; name = ViewController2.h; path = Class/ViewController2.h; sourceTree = "<group>"; };
		347D059A172BF3DA006CFC4F /* ViewController2.m */ = {isa = PBXFileReference; fileEncoding = 4; lastKnownFileType = sourcecode.c.objc; name = ViewController2.m; path = Class/ViewController2.m; sourceTree = "<group>"; };
		347D059B172BF3DA006CFC4F /* ViewController2.xib */ = {isa = PBXFileReference; fileEncoding = 4; lastKnownFileType = file.xib; name = ViewController2.xib; path = Class/ViewController2.xib; sourceTree = "<group>"; };
		347D059E172BFA16006CFC4F /* UIPopover-iPhone.h */ = {isa = PBXFileReference; fileEncoding = 4; lastKnownFileType = sourcecode.c.h; name = "UIPopover-iPhone.h"; path = "Class/UIPopover-iPhone.h"; sourceTree = "<group>"; };
		347D059F172BFA16006CFC4F /* UIPopover-iPhone.m */ = {isa = PBXFileReference; fileEncoding = 4; lastKnownFileType = sourcecode.c.objc; name = "UIPopover-iPhone.m"; path = "Class/UIPopover-iPhone.m"; sourceTree = "<group>"; };
/* End PBXFileReference section */

/* Begin PBXFrameworksBuildPhase section */
		347D04F9172BA749006CFC4F /* Frameworks */ = {
			isa = PBXFrameworksBuildPhase;
			buildActionMask = 2147483647;
			files = (
				347D0534172BA8C1006CFC4F /* CoreImage.framework in Frameworks */,
				347D0500172BA749006CFC4F /* UIKit.framework in Frameworks */,
				347D0502172BA749006CFC4F /* Foundation.framework in Frameworks */,
				347D0504172BA749006CFC4F /* CoreGraphics.framework in Frameworks */,
			);
			runOnlyForDeploymentPostprocessing = 0;
		};
/* End PBXFrameworksBuildPhase section */

/* Begin PBXGroup section */
		347D04F3172BA749006CFC4F = {
			isa = PBXGroup;
			children = (
				347D0505172BA749006CFC4F /* ImageMorphing */,
				347D04FE172BA749006CFC4F /* Frameworks */,
				347D04FD172BA749006CFC4F /* Products */,
			);
			sourceTree = "<group>";
		};
		347D04FD172BA749006CFC4F /* Products */ = {
			isa = PBXGroup;
			children = (
				347D04FC172BA749006CFC4F /* ImageMorphing.app */,
			);
			name = Products;
			sourceTree = "<group>";
		};
		347D04FE172BA749006CFC4F /* Frameworks */ = {
			isa = PBXGroup;
			children = (
				347D0533172BA8C1006CFC4F /* CoreImage.framework */,
				347D04FF172BA749006CFC4F /* UIKit.framework */,
				347D0501172BA749006CFC4F /* Foundation.framework */,
				347D0503172BA749006CFC4F /* CoreGraphics.framework */,
			);
			name = Frameworks;
			sourceTree = "<group>";
		};
		347D0505172BA749006CFC4F /* ImageMorphing */ = {
			isa = PBXGroup;
			children = (
				347D0522172BA7CE006CFC4F /* AppDelegate.h */,
				347D0523172BA7CE006CFC4F /* AppDelegate.m */,
				347D0524172BA7CE006CFC4F /* ViewController.h */,
				347D0525172BA7CE006CFC4F /* ViewController.m */,
				347D051A172BA749006CFC4F /* ViewController.xib */,
				347D0506172BA749006CFC4F /* Supporting Files */,
				347D0599172BF3DA006CFC4F /* ViewController2.h */,
				347D059A172BF3DA006CFC4F /* ViewController2.m */,
				347D059B172BF3DA006CFC4F /* ViewController2.xib */,
				347D059E172BFA16006CFC4F /* UIPopover-iPhone.h */,
				347D059F172BFA16006CFC4F /* UIPopover-iPhone.m */,
			);
			path = ImageMorphing;
			sourceTree = "<group>";
		};
		347D0506172BA749006CFC4F /* Supporting Files */ = {
			isa = PBXGroup;
			children = (
				347D0528172BA7D8006CFC4F /* Images */,
				347D0507172BA749006CFC4F /* ImageMorphing-Info.plist */,
				347D0508172BA749006CFC4F /* InfoPlist.strings */,
				347D050B172BA749006CFC4F /* main.m */,
				347D050D172BA749006CFC4F /* ImageMorphing-Prefix.pch */,
			);
			name = "Supporting Files";
			sourceTree = "<group>";
		};
		347D0528172BA7D8006CFC4F /* Images */ = {
			isa = PBXGroup;
			children = (
				347D0529172BA7D8006CFC4F /* Celebrity.png */,
				347D052A172BA7D8006CFC4F /* Default-568h@2x.png */,
				347D052B172BA7D8006CFC4F /* Default.png */,
				347D052C172BA7D8006CFC4F /* Default@2x.png */,
				347D052D172BA7D8006CFC4F /* HairStyle.png */,
			);
			name = Images;
			path = "Supporting Files/Images";
			sourceTree = "<group>";
		};
/* End PBXGroup section */

/* Begin PBXNativeTarget section */
		347D04FB172BA749006CFC4F /* ImageMorphing */ = {
			isa = PBXNativeTarget;
			buildConfigurationList = 347D051F172BA749006CFC4F /* Build configuration list for PBXNativeTarget "ImageMorphing" */;
			buildPhases = (
				347D04F8172BA749006CFC4F /* Sources */,
				347D04F9172BA749006CFC4F /* Frameworks */,
				347D04FA172BA749006CFC4F /* Resources */,
			);
			buildRules = (
			);
			dependencies = (
			);
			name = ImageMorphing;
			productName = ImageMorphing;
			productReference = 347D04FC172BA749006CFC4F /* ImageMorphing.app */;
			productType = "com.apple.product-type.application";
		};
/* End PBXNativeTarget section */

/* Begin PBXProject section */
		347D04F4172BA749006CFC4F /* Project object */ = {
			isa = PBXProject;
			attributes = {
				LastUpgradeCheck = 0460;
				ORGANIZATIONNAME = WebInfoways;
			};
			buildConfigurationList = 347D04F7172BA749006CFC4F /* Build configuration list for PBXProject "ImageMorphing" */;
			compatibilityVersion = "Xcode 3.2";
			developmentRegion = English;
			hasScannedForEncodings = 0;
			knownRegions = (
				en,
			);
			mainGroup = 347D04F3172BA749006CFC4F;
			productRefGroup = 347D04FD172BA749006CFC4F /* Products */;
			projectDirPath = "";
			projectRoot = "";
			targets = (
				347D04FB172BA749006CFC4F /* ImageMorphing */,
			);
		};
/* End PBXProject section */

/* Begin PBXResourcesBuildPhase section */
		347D04FA172BA749006CFC4F /* Resources */ = {
			isa = PBXResourcesBuildPhase;
			buildActionMask = 2147483647;
			files = (
				347D050A172BA749006CFC4F /* InfoPlist.strings in Resources */,
				347D051C172BA749006CFC4F /* ViewController.xib in Resources */,
				347D052E172BA7D8006CFC4F /* Celebrity.png in Resources */,
				347D052F172BA7D8006CFC4F /* Default-568h@2x.png in Resources */,
				347D0530172BA7D8006CFC4F /* Default.png in Resources */,
				347D0531172BA7D8006CFC4F /* Default@2x.png in Resources */,
				347D0532172BA7D8006CFC4F /* HairStyle.png in Resources */,
				347D059D172BF3DA006CFC4F /* ViewController2.xib in Resources */,
			);
			runOnlyForDeploymentPostprocessing = 0;
		};
/* End PBXResourcesBuildPhase section */

/* Begin PBXSourcesBuildPhase section */
		347D04F8172BA749006CFC4F /* Sources */ = {
			isa = PBXSourcesBuildPhase;
			buildActionMask = 2147483647;
			files = (
				347D050C172BA749006CFC4F /* main.m in Sources */,
				347D0526172BA7CE006CFC4F /* AppDelegate.m in Sources */,
				347D0527172BA7CE006CFC4F /* ViewController.m in Sources */,
				347D059C172BF3DA006CFC4F /* ViewController2.m in Sources */,
				347D05A0172BFA17006CFC4F /* UIPopover-iPhone.m in Sources */,
			);
			runOnlyForDeploymentPostprocessing = 0;
		};
/* End PBXSourcesBuildPhase section */

/* Begin PBXVariantGroup section */
		347D0508172BA749006CFC4F /* InfoPlist.strings */ = {
			isa = PBXVariantGroup;
			children = (
				347D0509172BA749006CFC4F /* en */,
			);
			name = InfoPlist.strings;
			sourceTree = "<group>";
		};
		347D051A172BA749006CFC4F /* ViewController.xib */ = {
			isa = PBXVariantGroup;
			children = (
				347D051B172BA749006CFC4F /* en */,
			);
			name = ViewController.xib;
			sourceTree = "<group>";
		};
/* End PBXVariantGroup section */

/* Begin XCBuildConfiguration section */
		347D051D172BA749006CFC4F /* Debug */ = {
			isa = XCBuildConfiguration;
			buildSettings = {
				ALWAYS_SEARCH_USER_PATHS = NO;
				CLANG_CXX_LANGUAGE_STANDARD = "gnu++0x";
				CLANG_CXX_LIBRARY = "libc++";
				CLANG_WARN_CONSTANT_CONVERSION = YES;
				CLANG_WARN_EMPTY_BODY = YES;
				CLANG_WARN_ENUM_CONVERSION = YES;
				CLANG_WARN_INT_CONVERSION = YES;
				CLANG_WARN__DUPLICATE_METHOD_MATCH = YES;
				"CODE_SIGN_IDENTITY[sdk=iphoneos*]" = "iPhone Developer";
				COPY_PHASE_STRIP = NO;
				GCC_C_LANGUAGE_STANDARD = gnu99;
				GCC_DYNAMIC_NO_PIC = NO;
				GCC_OPTIMIZATION_LEVEL = 0;
				GCC_PREPROCESSOR_DEFINITIONS = (
					"DEBUG=1",
					"$(inherited)",
				);
				GCC_SYMBOLS_PRIVATE_EXTERN = NO;
				GCC_WARN_ABOUT_RETURN_TYPE = YES;
				GCC_WARN_UNINITIALIZED_AUTOS = YES;
				GCC_WARN_UNUSED_VARIABLE = YES;
				IPHONEOS_DEPLOYMENT_TARGET = 6.1;
				ONLY_ACTIVE_ARCH = YES;
				SDKROOT = iphoneos;
			};
			name = Debug;
		};
		347D051E172BA749006CFC4F /* Release */ = {
			isa = XCBuildConfiguration;
			buildSettings = {
				ALWAYS_SEARCH_USER_PATHS = NO;
				CLANG_CXX_LANGUAGE_STANDARD = "gnu++0x";
				CLANG_CXX_LIBRARY = "libc++";
				CLANG_WARN_CONSTANT_CONVERSION = YES;
				CLANG_WARN_EMPTY_BODY = YES;
				CLANG_WARN_ENUM_CONVERSION = YES;
				CLANG_WARN_INT_CONVERSION = YES;
				CLANG_WARN__DUPLICATE_METHOD_MATCH = YES;
				"CODE_SIGN_IDENTITY[sdk=iphoneos*]" = "iPhone Developer";
				COPY_PHASE_STRIP = YES;
				GCC_C_LANGUAGE_STANDARD = gnu99;
				GCC_WARN_ABOUT_RETURN_TYPE = YES;
				GCC_WARN_UNINITIALIZED_AUTOS = YES;
				GCC_WARN_UNUSED_VARIABLE = YES;
				IPHONEOS_DEPLOYMENT_TARGET = 6.1;
				OTHER_CFLAGS = "-DNS_BLOCK_ASSERTIONS=1";
				SDKROOT = iphoneos;
				VALIDATE_PRODUCT = YES;
			};
			name = Release;
		};
		347D0520172BA749006CFC4F /* Debug */ = {
			isa = XCBuildConfiguration;
			buildSettings = {
				GCC_PRECOMPILE_PREFIX_HEADER = YES;
				GCC_PREFIX_HEADER = "ImageMorphing/ImageMorphing-Prefix.pch";
				INFOPLIST_FILE = "ImageMorphing/ImageMorphing-Info.plist";
				PRODUCT_NAME = "$(TARGET_NAME)";
				WRAPPER_EXTENSION = app;
			};
			name = Debug;
		};
		347D0521172BA749006CFC4F /* Release */ = {
			isa = XCBuildConfiguration;
			buildSettings = {
				GCC_PRECOMPILE_PREFIX_HEADER = YES;
				GCC_PREFIX_HEADER = "ImageMorphing/ImageMorphing-Prefix.pch";
				INFOPLIST_FILE = "ImageMorphing/ImageMorphing-Info.plist";
				PRODUCT_NAME = "$(TARGET_NAME)";
				WRAPPER_EXTENSION = app;
			};
			name = Release;
		};
/* End XCBuildConfiguration section */

/* Begin XCConfigurationList section */
		347D04F7172BA749006CFC4F /* Build configuration list for PBXProject "ImageMorphing" */ = {
			isa = XCConfigurationList;
			buildConfigurations = (
				347D051D172BA749006CFC4F /* Debug */,
				347D051E172BA749006CFC4F /* Release */,
			);
			defaultConfigurationIsVisible = 0;
			defaultConfigurationName = Release;
		};
		347D051F172BA749006CFC4F /* Build configuration list for PBXNativeTarget "ImageMorphing" */ = {
			isa = XCConfigurationList;
			buildConfigurations = (
				347D0520172BA749006CFC4F /* Debug */,
				347D0521172BA749006CFC4F /* Release */,
			);
			defaultConfigurationIsVisible = 0;
			defaultConfigurationName = Release;
		};
/* End XCConfigurationList section */
	};
	rootObject = 347D04F4172BA749006CFC4F /* Project object */;
}
